
Microsoft Visual Studio Solution File, Format Version 12.00
# Visual Studio 14
VisualStudioVersion = 14.0.25420.1
MinimumVisualStudioVersion = 10.0.40219.1
Project("{FAE04EC0-301F-11D3-BF4B-00C04F79EFBC}") = "WcfDI_Ninject", "WcfDI_Ninject\WcfDI_Ninject.csproj", "{BB9B4D10-494B-42CE-B5FC-7F291A41A1F4}"
EndProject
Project("{FAE04EC0-301F-11D3-BF4B-00C04F79EFBC}") = "WcfDI.Infrastructure", "WcfDI.Infrastructure\WcfDI.Infrastructure.csproj", "{0B98455A-3A98-4D59-92F9-7A4B44C1E3C4}"
EndProject
Project("{FAE04EC0-301F-11D3-BF4B-00C04F79EFBC}") = "WcfDI_Autofac", "WcfDI_Autofac\WcfDI_Autofac.csproj", "{D9BC89DF-28C7-4A90-A703-BE75BDB710F6}"
EndProject
Project("{FAE04EC0-301F-11D3-BF4B-00C04F79EFBC}") = "WcfDI_CastleWindsor", "WcfDI_CastleWindsor\WcfDI_CastleWindsor.csproj", "{AA7E0ABF-3E2C-42C3-9AD2-B8E95C6BD3FB}"
EndProject
Project("{FAE04EC0-301F-11D3-BF4B-00C04F79EFBC}") = "WcfDI_Unity", "WcfDI_Unity\WcfDI_Unity.csproj", "{A0BEB906-F9B6-41DF-A95B-94262A8068A5}"
EndProject
Global
	GlobalSection(SolutionConfigurationPlatforms) = preSolution
		Debug|Any CPU = Debug|Any CPU
		Release|Any CPU = Release|Any CPU
	EndGlobalSection
	GlobalSection(ProjectConfigurationPlatforms) = postSolution
		{BB9B4D10-494B-42CE-B5FC-7F291A41A1F4}.Debug|Any CPU.ActiveCfg = Debug|Any CPU
		{BB9B4D10-494B-42CE-B5FC-7F291A41A1F4}.Debug|Any CPU.Build.0 = Debug|Any CPU
		{BB9B4D10-494B-42CE-B5FC-7F291A41A1F4}.Release|Any CPU.ActiveCfg = Release|Any CPU
		{BB9B4D10-494B-42CE-B5FC-7F291A41A1F4}.Release|Any CPU.Build.0 = Release|Any CPU
		{0B98455A-3A98-4D59-92F9-7A4B44C1E3C4}.Debug|Any CPU.ActiveCfg = Debug|Any CPU
		{0B98455A-3A98-4D59-92F9-7A4B44C1E3C4}.Debug|Any CPU.Build.0 = Debug|Any CPU
		{0B98455A-3A98-4D59-92F9-7A4B44C1E3C4}.Release|Any CPU.ActiveCfg = Release|Any CPU
		{0B98455A-3A98-4D59-92F9-7A4B44C1E3C4}.Release|Any CPU.Build.0 = Release|Any CPU
		{D9BC89DF-28C7-4A90-A703-BE75BDB710F6}.Debug|Any CPU.ActiveCfg = Debug|Any CPU
		{D9BC89DF-28C7-4A90-A703-BE75BDB710F6}.Debug|Any CPU.Build.0 = Debug|Any CPU
		{D9BC89DF-28C7-4A90-A703-BE75BDB710F6}.Release|Any CPU.ActiveCfg = Release|Any CPU
		{D9BC89DF-28C7-4A90-A703-BE75BDB710F6}.Release|Any CPU.Build.0 = Release|Any CPU
		{AA7E0ABF-3E2C-42C3-9AD2-B8E95C6BD3FB}.Debug|Any CPU.ActiveCfg = Debug|Any CPU
		{AA7E0ABF-3E2C-42C3-9AD2-B8E95C6BD3FB}.Debug|Any CPU.Build.0 = Debug|Any CPU
		{AA7E0ABF-3E2C-42C3-9AD2-B8E95C6BD3FB}.Release|Any CPU.ActiveCfg = Release|Any CPU
		{AA7E0ABF-3E2C-42C3-9AD2-B8E95C6BD3FB}.Release|Any CPU.Build.0 = Release|Any CPU
		{A0BEB906-F9B6-41DF-A95B-94262A8068A5}.Debug|Any CPU.ActiveCfg = Debug|Any CPU
		{A0BEB906-F9B6-41DF-A95B-94262A8068A5}.Debug|Any CPU.Build.0 = Debug|Any CPU
		{A0BEB906-F9B6-41DF-A95B-94262A8068A5}.Release|Any CPU.ActiveCfg = Release|Any CPU
		{A0BEB906-F9B6-41DF-A95B-94262A8068A5}.Release|Any CPU.Build.0 = Release|Any CPU
	EndGlobalSection
	GlobalSection(SolutionProperties) = preSolution
		HideSolutionNode = FALSE
	EndGlobalSection
EndGlobal
